
Microsoft Visual Studio Solution File, Format Version 12.00
# Visual Studio 15
VisualStudioVersion = 15.0.26730.10
MinimumVisualStudioVersion = 10.0.40219.1
Project("{FAE04EC0-301F-11D3-BF4B-00C04F79EFBC}") = "InheritanceDemo", "InheritanceDemo\InheritanceDemo.csproj", "{6CFBCBFC-45D1-4B49-B221-FF2579B14FB3}"
EndProject
Project("{FAE04EC0-301F-11D3-BF4B-00C04F79EFBC}") = "CollectionsDemo", "CollectionsDemo\CollectionsDemo.csproj", "{1D84D10B-27CB-4978-87B5-26CB6032436B}"
EndProject
Project("{FAE04EC0-301F-11D3-BF4B-00C04F79EFBC}") = "ConsoleApp1", "ConsoleApp1\ConsoleApp1.csproj", "{B20F5741-DC48-4BB0-85C9-F164C1712C78}"
EndProject
Project("{FAE04EC0-301F-11D3-BF4B-00C04F79EFBC}") = "GenericCollectionsDemo", "GenericCollectionsDemo\GenericCollectionsDemo.csproj", "{AB0A34F2-74A0-404D-966E-58229938807C}"
EndProject
Project("{FAE04EC0-301F-11D3-BF4B-00C04F79EFBC}") = "GenericClassDemo", "GenericClassDemo\GenericClassDemo.csproj", "{DF2C48E0-8355-4058-9F80-8966A05A51C7}"
EndProject
Global
	GlobalSection(SolutionConfigurationPlatforms) = preSolution
		Debug|Any CPU = Debug|Any CPU
		Release|Any CPU = Release|Any CPU
	EndGlobalSection
	GlobalSection(ProjectConfigurationPlatforms) = postSolution
		{6CFBCBFC-45D1-4B49-B221-FF2579B14FB3}.Debug|Any CPU.ActiveCfg = Debug|Any CPU
		{6CFBCBFC-45D1-4B49-B221-FF2579B14FB3}.Debug|Any CPU.Build.0 = Debug|Any CPU
		{6CFBCBFC-45D1-4B49-B221-FF2579B14FB3}.Release|Any CPU.ActiveCfg = Release|Any CPU
		{6CFBCBFC-45D1-4B49-B221-FF2579B14FB3}.Release|Any CPU.Build.0 = Release|Any CPU
		{1D84D10B-27CB-4978-87B5-26CB6032436B}.Debug|Any CPU.ActiveCfg = Debug|Any CPU
		{1D84D10B-27CB-4978-87B5-26CB6032436B}.Debug|Any CPU.Build.0 = Debug|Any CPU
		{1D84D10B-27CB-4978-87B5-26CB6032436B}.Release|Any CPU.ActiveCfg = Release|Any CPU
		{1D84D10B-27CB-4978-87B5-26CB6032436B}.Release|Any CPU.Build.0 = Release|Any CPU
		{B20F5741-DC48-4BB0-85C9-F164C1712C78}.Debug|Any CPU.ActiveCfg = Debug|Any CPU
		{B20F5741-DC48-4BB0-85C9-F164C1712C78}.Debug|Any CPU.Build.0 = Debug|Any CPU
		{B20F5741-DC48-4BB0-85C9-F164C1712C78}.Release|Any CPU.ActiveCfg = Release|Any CPU
		{B20F5741-DC48-4BB0-85C9-F164C1712C78}.Release|Any CPU.Build.0 = Release|Any CPU
		{AB0A34F2-74A0-404D-966E-58229938807C}.Debug|Any CPU.ActiveCfg = Debug|Any CPU
		{AB0A34F2-74A0-404D-966E-58229938807C}.Debug|Any CPU.Build.0 = Debug|Any CPU
		{AB0A34F2-74A0-404D-966E-58229938807C}.Release|Any CPU.ActiveCfg = Release|Any CPU
		{AB0A34F2-74A0-404D-966E-58229938807C}.Release|Any CPU.Build.0 = Release|Any CPU
		{DF2C48E0-8355-4058-9F80-8966A05A51C7}.Debug|Any CPU.ActiveCfg = Debug|Any CPU
		{DF2C48E0-8355-4058-9F80-8966A05A51C7}.Debug|Any CPU.Build.0 = Debug|Any CPU
		{DF2C48E0-8355-4058-9F80-8966A05A51C7}.Release|Any CPU.ActiveCfg = Release|Any CPU
		{DF2C48E0-8355-4058-9F80-8966A05A51C7}.Release|Any CPU.Build.0 = Release|Any CPU
	EndGlobalSection
	GlobalSection(SolutionProperties) = preSolution
		HideSolutionNode = FALSE
	EndGlobalSection
	GlobalSection(ExtensibilityGlobals) = postSolution
		SolutionGuid = {5C7589A4-962B-4F54-A001-E13A44AF04D4}
	EndGlobalSection
EndGlobal
