
Microsoft Visual Studio Solution File, Format Version 12.00
# Visual Studio 15
VisualStudioVersion = 15.0.26730.10
MinimumVisualStudioVersion = 10.0.40219.1
Project("{FAE04EC0-301F-11D3-BF4B-00C04F79EFBC}") = "ValueRefNullDemo", "ValueRefNullDemo\ValueRefNullDemo.csproj", "{64C1A4D4-73CB-4CC7-BE52-AB67AEB27C6D}"
EndProject
Project("{FAE04EC0-301F-11D3-BF4B-00C04F79EFBC}") = "NullableValueTypeDemo", "NullableValueTypeDemo\NullableValueTypeDemo.csproj", "{E842A4E0-E817-46F1-AEAA-B03911C34D86}"
EndProject
Project("{FAE04EC0-301F-11D3-BF4B-00C04F79EFBC}") = "ReadLineDemo", "ReadLineDemo\ReadLineDemo.csproj", "{C76C63C6-4260-453B-8D87-F261B2AB1791}"
EndProject
Project("{FAE04EC0-301F-11D3-BF4B-00C04F79EFBC}") = "ConvertTypeDemo", "ConvertTypeDemo\ConvertTypeDemo.csproj", "{F98F93A6-6507-49F7-92A4-E33CA5A2EB99}"
EndProject
Project("{FAE04EC0-301F-11D3-BF4B-00C04F79EFBC}") = "ArrayDemo", "ArrayDemo\ArrayDemo.csproj", "{3EBFEA95-B73A-460E-8B76-7100327DA131}"
EndProject
Project("{FAE04EC0-301F-11D3-BF4B-00C04F79EFBC}") = "IfDemo", "IfDemo\IfDemo.csproj", "{742B72D7-9362-441C-BCF5-CEDBC87881E6}"
EndProject
Project("{FAE04EC0-301F-11D3-BF4B-00C04F79EFBC}") = "SwitchCaseDemo", "SwitchCaseDemo\SwitchCaseDemo.csproj", "{807D522D-70C6-4741-AF8C-A2D6AD31E5C0}"
EndProject
Project("{FAE04EC0-301F-11D3-BF4B-00C04F79EFBC}") = "SnakeDemo", "SnakeDemo\SnakeDemo.csproj", "{907D035E-54C5-423D-8662-429F546BD5B7}"
EndProject
Project("{FAE04EC0-301F-11D3-BF4B-00C04F79EFBC}") = "WhileDemo", "WhileDemo\WhileDemo.csproj", "{70F333B9-C77F-4635-B33D-5029195BC612}"
EndProject
Project("{FAE04EC0-301F-11D3-BF4B-00C04F79EFBC}") = "2DArrayDemo", "2DArrayDemo\2DArrayDemo.csproj", "{865B8375-7AC2-4735-A24C-C04BA5E86D1B}"
EndProject
Project("{FAE04EC0-301F-11D3-BF4B-00C04F79EFBC}") = "BeepDemo", "BeepDemo\BeepDemo.csproj", "{B85768EA-8C9D-4D62-9837-7F537A9FAC05}"
EndProject
Project("{FAE04EC0-301F-11D3-BF4B-00C04F79EFBC}") = "DoWhileDemo", "DoWhileDemo\DoWhileDemo.csproj", "{0057D7B3-44AF-458C-8612-DD30BBDC9C25}"
EndProject
Project("{FAE04EC0-301F-11D3-BF4B-00C04F79EFBC}") = "ForDemo", "ForDemo\ForDemo.csproj", "{6A59FB8F-7E48-4039-BE80-47BE228E7C68}"
EndProject
Project("{FAE04EC0-301F-11D3-BF4B-00C04F79EFBC}") = "PhoneBookDemo", "PhoneBookDemo\PhoneBookDemo.csproj", "{5CF62589-8F32-4497-8790-202A061D9E40}"
EndProject
Global
	GlobalSection(SolutionConfigurationPlatforms) = preSolution
		Debug|Any CPU = Debug|Any CPU
		Release|Any CPU = Release|Any CPU
	EndGlobalSection
	GlobalSection(ProjectConfigurationPlatforms) = postSolution
		{64C1A4D4-73CB-4CC7-BE52-AB67AEB27C6D}.Debug|Any CPU.ActiveCfg = Debug|Any CPU
		{64C1A4D4-73CB-4CC7-BE52-AB67AEB27C6D}.Debug|Any CPU.Build.0 = Debug|Any CPU
		{64C1A4D4-73CB-4CC7-BE52-AB67AEB27C6D}.Release|Any CPU.ActiveCfg = Release|Any CPU
		{64C1A4D4-73CB-4CC7-BE52-AB67AEB27C6D}.Release|Any CPU.Build.0 = Release|Any CPU
		{E842A4E0-E817-46F1-AEAA-B03911C34D86}.Debug|Any CPU.ActiveCfg = Debug|Any CPU
		{E842A4E0-E817-46F1-AEAA-B03911C34D86}.Debug|Any CPU.Build.0 = Debug|Any CPU
		{E842A4E0-E817-46F1-AEAA-B03911C34D86}.Release|Any CPU.ActiveCfg = Release|Any CPU
		{E842A4E0-E817-46F1-AEAA-B03911C34D86}.Release|Any CPU.Build.0 = Release|Any CPU
		{C76C63C6-4260-453B-8D87-F261B2AB1791}.Debug|Any CPU.ActiveCfg = Debug|Any CPU
		{C76C63C6-4260-453B-8D87-F261B2AB1791}.Debug|Any CPU.Build.0 = Debug|Any CPU
		{C76C63C6-4260-453B-8D87-F261B2AB1791}.Release|Any CPU.ActiveCfg = Release|Any CPU
		{C76C63C6-4260-453B-8D87-F261B2AB1791}.Release|Any CPU.Build.0 = Release|Any CPU
		{F98F93A6-6507-49F7-92A4-E33CA5A2EB99}.Debug|Any CPU.ActiveCfg = Debug|Any CPU
		{F98F93A6-6507-49F7-92A4-E33CA5A2EB99}.Debug|Any CPU.Build.0 = Debug|Any CPU
		{F98F93A6-6507-49F7-92A4-E33CA5A2EB99}.Release|Any CPU.ActiveCfg = Release|Any CPU
		{F98F93A6-6507-49F7-92A4-E33CA5A2EB99}.Release|Any CPU.Build.0 = Release|Any CPU
		{3EBFEA95-B73A-460E-8B76-7100327DA131}.Debug|Any CPU.ActiveCfg = Debug|Any CPU
		{3EBFEA95-B73A-460E-8B76-7100327DA131}.Debug|Any CPU.Build.0 = Debug|Any CPU
		{3EBFEA95-B73A-460E-8B76-7100327DA131}.Release|Any CPU.ActiveCfg = Release|Any CPU
		{3EBFEA95-B73A-460E-8B76-7100327DA131}.Release|Any CPU.Build.0 = Release|Any CPU
		{742B72D7-9362-441C-BCF5-CEDBC87881E6}.Debug|Any CPU.ActiveCfg = Debug|Any CPU
		{742B72D7-9362-441C-BCF5-CEDBC87881E6}.Debug|Any CPU.Build.0 = Debug|Any CPU
		{742B72D7-9362-441C-BCF5-CEDBC87881E6}.Release|Any CPU.ActiveCfg = Release|Any CPU
		{742B72D7-9362-441C-BCF5-CEDBC87881E6}.Release|Any CPU.Build.0 = Release|Any CPU
		{807D522D-70C6-4741-AF8C-A2D6AD31E5C0}.Debug|Any CPU.ActiveCfg = Debug|Any CPU
		{807D522D-70C6-4741-AF8C-A2D6AD31E5C0}.Debug|Any CPU.Build.0 = Debug|Any CPU
		{807D522D-70C6-4741-AF8C-A2D6AD31E5C0}.Release|Any CPU.ActiveCfg = Release|Any CPU
		{807D522D-70C6-4741-AF8C-A2D6AD31E5C0}.Release|Any CPU.Build.0 = Release|Any CPU
		{907D035E-54C5-423D-8662-429F546BD5B7}.Debug|Any CPU.ActiveCfg = Debug|Any CPU
		{907D035E-54C5-423D-8662-429F546BD5B7}.Debug|Any CPU.Build.0 = Debug|Any CPU
		{907D035E-54C5-423D-8662-429F546BD5B7}.Release|Any CPU.ActiveCfg = Release|Any CPU
		{907D035E-54C5-423D-8662-429F546BD5B7}.Release|Any CPU.Build.0 = Release|Any CPU
		{70F333B9-C77F-4635-B33D-5029195BC612}.Debug|Any CPU.ActiveCfg = Debug|Any CPU
		{70F333B9-C77F-4635-B33D-5029195BC612}.Debug|Any CPU.Build.0 = Debug|Any CPU
		{70F333B9-C77F-4635-B33D-5029195BC612}.Release|Any CPU.ActiveCfg = Release|Any CPU
		{70F333B9-C77F-4635-B33D-5029195BC612}.Release|Any CPU.Build.0 = Release|Any CPU
		{865B8375-7AC2-4735-A24C-C04BA5E86D1B}.Debug|Any CPU.ActiveCfg = Debug|Any CPU
		{865B8375-7AC2-4735-A24C-C04BA5E86D1B}.Debug|Any CPU.Build.0 = Debug|Any CPU
		{865B8375-7AC2-4735-A24C-C04BA5E86D1B}.Release|Any CPU.ActiveCfg = Release|Any CPU
		{865B8375-7AC2-4735-A24C-C04BA5E86D1B}.Release|Any CPU.Build.0 = Release|Any CPU
		{B85768EA-8C9D-4D62-9837-7F537A9FAC05}.Debug|Any CPU.ActiveCfg = Debug|Any CPU
		{B85768EA-8C9D-4D62-9837-7F537A9FAC05}.Debug|Any CPU.Build.0 = Debug|Any CPU
		{B85768EA-8C9D-4D62-9837-7F537A9FAC05}.Release|Any CPU.ActiveCfg = Release|Any CPU
		{B85768EA-8C9D-4D62-9837-7F537A9FAC05}.Release|Any CPU.Build.0 = Release|Any CPU
		{0057D7B3-44AF-458C-8612-DD30BBDC9C25}.Debug|Any CPU.ActiveCfg = Debug|Any CPU
		{0057D7B3-44AF-458C-8612-DD30BBDC9C25}.Debug|Any CPU.Build.0 = Debug|Any CPU
		{0057D7B3-44AF-458C-8612-DD30BBDC9C25}.Release|Any CPU.ActiveCfg = Release|Any CPU
		{0057D7B3-44AF-458C-8612-DD30BBDC9C25}.Release|Any CPU.Build.0 = Release|Any CPU
		{6A59FB8F-7E48-4039-BE80-47BE228E7C68}.Debug|Any CPU.ActiveCfg = Debug|Any CPU
		{6A59FB8F-7E48-4039-BE80-47BE228E7C68}.Debug|Any CPU.Build.0 = Debug|Any CPU
		{6A59FB8F-7E48-4039-BE80-47BE228E7C68}.Release|Any CPU.ActiveCfg = Release|Any CPU
		{6A59FB8F-7E48-4039-BE80-47BE228E7C68}.Release|Any CPU.Build.0 = Release|Any CPU
		{5CF62589-8F32-4497-8790-202A061D9E40}.Debug|Any CPU.ActiveCfg = Debug|Any CPU
		{5CF62589-8F32-4497-8790-202A061D9E40}.Debug|Any CPU.Build.0 = Debug|Any CPU
		{5CF62589-8F32-4497-8790-202A061D9E40}.Release|Any CPU.ActiveCfg = Release|Any CPU
		{5CF62589-8F32-4497-8790-202A061D9E40}.Release|Any CPU.Build.0 = Release|Any CPU
	EndGlobalSection
	GlobalSection(SolutionProperties) = preSolution
		HideSolutionNode = FALSE
	EndGlobalSection
	GlobalSection(ExtensibilityGlobals) = postSolution
		SolutionGuid = {E5035B33-D7C4-4CBA-B3AF-1E5A2E962261}
	EndGlobalSection
EndGlobal
