
Microsoft Visual Studio Solution File, Format Version 12.00
# Visual Studio 15
VisualStudioVersion = 15.0.26730.10
MinimumVisualStudioVersion = 10.0.40219.1
Project("{FAE04EC0-301F-11D3-BF4B-00C04F79EFBC}") = "WebAppDemo", "WebAppDemo\WebAppDemo.csproj", "{14943630-48B8-469B-A80A-DDD00990774D}"
EndProject
Project("{FAE04EC0-301F-11D3-BF4B-00C04F79EFBC}") = "WebAppDemoMVC", "WebAppDemoMVC\WebAppDemoMVC.csproj", "{14B73908-A234-4F4D-A84E-7E618F78EB2F}"
EndProject
Global
	GlobalSection(SolutionConfigurationPlatforms) = preSolution
		Debug|Any CPU = Debug|Any CPU
		Release|Any CPU = Release|Any CPU
	EndGlobalSection
	GlobalSection(ProjectConfigurationPlatforms) = postSolution
		{14943630-48B8-469B-A80A-DDD00990774D}.Debug|Any CPU.ActiveCfg = Debug|Any CPU
		{14943630-48B8-469B-A80A-DDD00990774D}.Debug|Any CPU.Build.0 = Debug|Any CPU
		{14943630-48B8-469B-A80A-DDD00990774D}.Release|Any CPU.ActiveCfg = Release|Any CPU
		{14943630-48B8-469B-A80A-DDD00990774D}.Release|Any CPU.Build.0 = Release|Any CPU
		{14B73908-A234-4F4D-A84E-7E618F78EB2F}.Debug|Any CPU.ActiveCfg = Debug|Any CPU
		{14B73908-A234-4F4D-A84E-7E618F78EB2F}.Debug|Any CPU.Build.0 = Debug|Any CPU
		{14B73908-A234-4F4D-A84E-7E618F78EB2F}.Release|Any CPU.ActiveCfg = Release|Any CPU
		{14B73908-A234-4F4D-A84E-7E618F78EB2F}.Release|Any CPU.Build.0 = Release|Any CPU
	EndGlobalSection
	GlobalSection(SolutionProperties) = preSolution
		HideSolutionNode = FALSE
	EndGlobalSection
	GlobalSection(ExtensibilityGlobals) = postSolution
		SolutionGuid = {42E5ACB9-3903-49D2-AF70-8AA7E5D4CCDC}
	EndGlobalSection
EndGlobal
